<Solution>
  <Configurations>
    <Platform Name="x64" />
    <Platform Name="x86" />
  </Configurations>
  <Project Path="HelloWorld/HelloWorld.vcxproj" Id="7c8bc462-058b-415c-9501-d577b106c4aa" />
  <Project Path="Practice1/Practice1.vcxproj" Id="370c0777-4b29-4528-bb16-ac78aba51887" />
  <Project Path="practice2/practice2.vcxproj" Id="796af2cc-5f97-46da-976f-7e12a943b55c" />
  <Project Path="Practice3/Practice3.vcxproj" Id="5d6060ae-7f79-4ab1-8936-7f3c59f3bbce" />
  <Project Path="Practice4/Practice4.vcxproj" Id="7a2f7584-52f9-4e8f-b031-ec1904cbc4c0" />
  <Project Path="Practice5/Practice5.vcxproj" Id="ea1a00b3-2345-488c-a7b5-1e673b7bf67c" />
  <Project Path="practice6/practice6.vcxproj" Id="f2cec49c-5535-422e-a3d9-7af8c7880024" />
  <Project Path="Practice7/Practice7.vcxproj" Id="69520d4c-58ef-4e70-bc0b-851c8bc960e7" />
</Solution>
